
Microsoft Visual Studio Solution File, Format Version 12.00
# Visual Studio Version 16
VisualStudioVersion = 16.0.29911.84
MinimumVisualStudioVersion = 10.0.40219.1
Project("{FAE04EC0-301F-11D3-BF4B-00C04F79EFBC}") = "aspnetcore_log_filter", "aspnetcore_log_filter.csproj", "{22B0C0CB-C566-479D-AC48-D102235F78CC}"
EndProject
Global
	GlobalSection(SolutionConfigurationPlatforms) = preSolution
		Debug|Any CPU = Debug|Any CPU
		Release|Any CPU = Release|Any CPU
	EndGlobalSection
	GlobalSection(ProjectConfigurationPlatforms) = postSolution
		{22B0C0CB-C566-479D-AC48-D102235F78CC}.Debug|Any CPU.ActiveCfg = Debug|Any CPU
		{22B0C0CB-C566-479D-AC48-D102235F78CC}.Debug|Any CPU.Build.0 = Debug|Any CPU
		{22B0C0CB-C566-479D-AC48-D102235F78CC}.Release|Any CPU.ActiveCfg = Release|Any CPU
		{22B0C0CB-C566-479D-AC48-D102235F78CC}.Release|Any CPU.Build.0 = Release|Any CPU
	EndGlobalSection
	GlobalSection(SolutionProperties) = preSolution
		HideSolutionNode = FALSE
	EndGlobalSection
	GlobalSection(ExtensibilityGlobals) = postSolution
		SolutionGuid = {C27B6E25-89B0-4B38-BA0E-B632D73BB577}
	EndGlobalSection
EndGlobal
